
Microsoft Visual Studio Solution File, Format Version 12.00
# Visual Studio 14
VisualStudioVersion = 14.0.25420.1
MinimumVisualStudioVersion = 10.0.40219.1
Project("{FAE04EC0-301F-11D3-BF4B-00C04F79EFBC}") = "Calculator", "Calculator\Calculator.csproj", "{0A287E96-8221-451C-8849-1E23B6B85969}"
EndProject
Project("{FAE04EC0-301F-11D3-BF4B-00C04F79EFBC}") = "CalculatorTesting", "CalculatorTesting\CalculatorTesting.csproj", "{8AB3DCD5-626A-46B9-A2E9-0875E626FB88}"
EndProject
Global
	GlobalSection(SolutionConfigurationPlatforms) = preSolution
		Debug|Any CPU = Debug|Any CPU
		Release|Any CPU = Release|Any CPU
	EndGlobalSection
	GlobalSection(ProjectConfigurationPlatforms) = postSolution
		{0A287E96-8221-451C-8849-1E23B6B85969}.Debug|Any CPU.ActiveCfg = Debug|Any CPU
		{0A287E96-8221-451C-8849-1E23B6B85969}.Debug|Any CPU.Build.0 = Debug|Any CPU
		{0A287E96-8221-451C-8849-1E23B6B85969}.Release|Any CPU.ActiveCfg = Release|Any CPU
		{0A287E96-8221-451C-8849-1E23B6B85969}.Release|Any CPU.Build.0 = Release|Any CPU
		{8AB3DCD5-626A-46B9-A2E9-0875E626FB88}.Debug|Any CPU.ActiveCfg = Debug|Any CPU
		{8AB3DCD5-626A-46B9-A2E9-0875E626FB88}.Debug|Any CPU.Build.0 = Debug|Any CPU
		{8AB3DCD5-626A-46B9-A2E9-0875E626FB88}.Release|Any CPU.ActiveCfg = Release|Any CPU
		{8AB3DCD5-626A-46B9-A2E9-0875E626FB88}.Release|Any CPU.Build.0 = Release|Any CPU
	EndGlobalSection
	GlobalSection(SolutionProperties) = preSolution
		HideSolutionNode = FALSE
	EndGlobalSection
EndGlobal
